
Microsoft Visual Studio Solution File, Format Version 11.00
# Visual Studio 2010
Project("{FAE04EC0-301F-11D3-BF4B-00C04F79EFBC}") = "010.Irony.2010", "Irony\010.Irony.2010.csproj", "{D81F5C91-D7DB-46E5-BC99-49488FB6814C}"
EndProject
Project("{FAE04EC0-301F-11D3-BF4B-00C04F79EFBC}") = "015.Irony.Interpreter.2010", "Irony.Interpreter\015.Irony.Interpreter.2010.csproj", "{321A7F5D-00C2-4095-9970-075CDEE8C139}"
EndProject
Global
	GlobalSection(SolutionConfigurationPlatforms) = preSolution
		Debug|Any CPU = Debug|Any CPU
		FxCop|Any CPU = FxCop|Any CPU
		Release|Any CPU = Release|Any CPU
		Silverlight Debug|Any CPU = Silverlight Debug|Any CPU
		Silverlight Release|Any CPU = Silverlight Release|Any CPU
		SpecSharp|Any CPU = SpecSharp|Any CPU
	EndGlobalSection
	GlobalSection(ProjectConfigurationPlatforms) = postSolution
		{D81F5C91-D7DB-46E5-BC99-49488FB6814C}.Debug|Any CPU.ActiveCfg = Debug|Any CPU
		{D81F5C91-D7DB-46E5-BC99-49488FB6814C}.Debug|Any CPU.Build.0 = Debug|Any CPU
		{D81F5C91-D7DB-46E5-BC99-49488FB6814C}.FxCop|Any CPU.ActiveCfg = Release|Any CPU
		{D81F5C91-D7DB-46E5-BC99-49488FB6814C}.FxCop|Any CPU.Build.0 = Release|Any CPU
		{D81F5C91-D7DB-46E5-BC99-49488FB6814C}.Release|Any CPU.ActiveCfg = Release|Any CPU
		{D81F5C91-D7DB-46E5-BC99-49488FB6814C}.Release|Any CPU.Build.0 = Release|Any CPU
		{D81F5C91-D7DB-46E5-BC99-49488FB6814C}.Silverlight Debug|Any CPU.ActiveCfg = Debug|Any CPU
		{D81F5C91-D7DB-46E5-BC99-49488FB6814C}.Silverlight Debug|Any CPU.Build.0 = Debug|Any CPU
		{D81F5C91-D7DB-46E5-BC99-49488FB6814C}.Silverlight Release|Any CPU.ActiveCfg = Release|Any CPU
		{D81F5C91-D7DB-46E5-BC99-49488FB6814C}.Silverlight Release|Any CPU.Build.0 = Release|Any CPU
		{D81F5C91-D7DB-46E5-BC99-49488FB6814C}.SpecSharp|Any CPU.ActiveCfg = Release|Any CPU
		{D81F5C91-D7DB-46E5-BC99-49488FB6814C}.SpecSharp|Any CPU.Build.0 = Release|Any CPU
		{321A7F5D-00C2-4095-9970-075CDEE8C139}.Debug|Any CPU.ActiveCfg = Debug|Any CPU
		{321A7F5D-00C2-4095-9970-075CDEE8C139}.Debug|Any CPU.Build.0 = Debug|Any CPU
		{321A7F5D-00C2-4095-9970-075CDEE8C139}.FxCop|Any CPU.ActiveCfg = Release|Any CPU
		{321A7F5D-00C2-4095-9970-075CDEE8C139}.FxCop|Any CPU.Build.0 = Release|Any CPU
		{321A7F5D-00C2-4095-9970-075CDEE8C139}.Release|Any CPU.ActiveCfg = Release|Any CPU
		{321A7F5D-00C2-4095-9970-075CDEE8C139}.Release|Any CPU.Build.0 = Release|Any CPU
		{321A7F5D-00C2-4095-9970-075CDEE8C139}.Silverlight Debug|Any CPU.ActiveCfg = Debug|Any CPU
		{321A7F5D-00C2-4095-9970-075CDEE8C139}.Silverlight Debug|Any CPU.Build.0 = Debug|Any CPU
		{321A7F5D-00C2-4095-9970-075CDEE8C139}.Silverlight Release|Any CPU.ActiveCfg = Release|Any CPU
		{321A7F5D-00C2-4095-9970-075CDEE8C139}.Silverlight Release|Any CPU.Build.0 = Release|Any CPU
		{321A7F5D-00C2-4095-9970-075CDEE8C139}.SpecSharp|Any CPU.ActiveCfg = Release|Any CPU
		{321A7F5D-00C2-4095-9970-075CDEE8C139}.SpecSharp|Any CPU.Build.0 = Release|Any CPU
	EndGlobalSection
	GlobalSection(SolutionProperties) = preSolution
		HideSolutionNode = FALSE
	EndGlobalSection
EndGlobal
